<?xml version="1.0" encoding="utf-8"?>
<Project ToolsVersion="4.0" xmlns="http://schemas.microsoft.com/developer/msbuild/2003">
  <ItemGroup>
    <Filter Include="Client">
      <UniqueIdentifier>{765c750f-030a-4900-9639-b386c178b710}</UniqueIdentifier>
    </Filter>
    <Filter Include="리소스 파일">
      <UniqueIdentifier>{67DA6AB6-F800-4c08-8B7A-83BB121AAD01}</UniqueIdentifier>
      <Extensions>rc;ico;cur;bmp;dlg;rc2;rct;bin;rgs;gif;jpg;jpeg;jpe;resx;tiff;tif;png;wav;mfcribbon-ms</Extensions>
    </Filter>
    <Filter Include="Utils">
      <UniqueIdentifier>{ff8f3139-ee0c-4f42-a967-1f02ca94f0b7}</UniqueIdentifier>
    </Filter>
    <Filter Include="GameEngine">
      <UniqueIdentifier>{dbdf0edc-1452-403c-9399-cb7d71708bc7}</UniqueIdentifier>
    </Filter>
    <Filter Include="Devices">
      <UniqueIdentifier>{d16f5f3f-e7d3-4051-b9d1-35b9e0dfbd4a}</UniqueIdentifier>
    </Filter>
    <Filter Include="GameObject">
      <UniqueIdentifier>{4b78ee94-5440-49a7-82c2-812038b393aa}</UniqueIdentifier>
    </Filter>
    <Filter Include="GameObject\Component">
      <UniqueIdentifier>{bd5d6a47-7467-4468-8614-184575bff987}</UniqueIdentifier>
    </Filter>
    <Filter Include="Resources">
      <UniqueIdentifier>{5f0ae746-658e-4840-b26f-5d48190d8692}</UniqueIdentifier>
    </Filter>
    <Filter Include="GameScene">
      <UniqueIdentifier>{74fbf582-442c-4b24-9ac0-2132b53a6a71}</UniqueIdentifier>
    </Filter>
    <Filter Include="HLSL">
      <UniqueIdentifier>{81e06041-3411-466e-960b-5eac9c114298}</UniqueIdentifier>
    </Filter>
    <Filter Include="Manager">
      <UniqueIdentifier>{7e1f1d1f-71ab-4c18-a416-2277270c4c3d}</UniqueIdentifier>
    </Filter>
    <Filter Include="TestScript">
      <UniqueIdentifier>{89f24ee0-486e-474f-904c-e97812222094}</UniqueIdentifier>
    </Filter>
  </ItemGroup>
  <ItemGroup>
    <ClInclude Include="DX11.h">
      <Filter>리소스 파일</Filter>
    </ClInclude>
    <ClInclude Include="framework.h">
      <Filter>리소스 파일</Filter>
    </ClInclude>
    <ClInclude Include="Resource.h">
      <Filter>리소스 파일</Filter>
    </ClInclude>
    <ClInclude Include="targetver.h">
      <Filter>리소스 파일</Filter>
    </ClInclude>
    <ClInclude Include="pch.h">
      <Filter>Utils</Filter>
    </ClInclude>
    <ClInclude Include="GameEngine.h">
      <Filter>GameEngine</Filter>
    </ClInclude>
    <ClInclude Include="Device.h">
      <Filter>Devices</Filter>
    </ClInclude>
    <ClInclude Include="Buffers.h">
      <Filter>Devices</Filter>
    </ClInclude>
    <ClInclude Include="Transform.h">
      <Filter>GameObject\Component</Filter>
    </ClInclude>
    <ClInclude Include="Camera.h">
      <Filter>GameObject\Component</Filter>
    </ClInclude>
    <ClInclude Include="Component.h">
      <Filter>GameObject\Component</Filter>
    </ClInclude>
    <ClInclude Include="GameObject.h">
      <Filter>GameObject</Filter>
    </ClInclude>
    <ClInclude Include="Material.h">
      <Filter>Resources</Filter>
    </ClInclude>
    <ClInclude Include="Mesh.h">
      <Filter>Resources</Filter>
    </ClInclude>
    <ClInclude Include="Renderer.h">
      <Filter>GameObject\Component</Filter>
    </ClInclude>
    <ClInclude Include="ResourceManager.h">
      <Filter>Manager</Filter>
    </ClInclude>
    <ClInclude Include="GameScene.h">
      <Filter>GameScene</Filter>
    </ClInclude>
    <ClInclude Include="Input.h">
      <Filter>Manager</Filter>
    </ClInclude>
    <ClInclude Include="Timer.h">
      <Filter>Manager</Filter>
    </ClInclude>
    <ClInclude Include="Script.h">
      <Filter>GameObject\Component</Filter>
    </ClInclude>
    <ClInclude Include="TestScript.h">
      <Filter>TestScript</Filter>
    </ClInclude>
    <ClInclude Include="Physics.h">
      <Filter>GameObject\Component</Filter>
    </ClInclude>
    <ClInclude Include="Light.h">
      <Filter>GameObject\Component</Filter>
    </ClInclude>
    <ClInclude Include="Shader.h">
      <Filter>Resources</Filter>
    </ClInclude>
    <ClInclude Include="Object.h">
      <Filter>Resources</Filter>
    </ClInclude>
    <ClInclude Include="FBXLoader.h">
      <Filter>Manager</Filter>
    </ClInclude>
    <ClInclude Include="imconfig.h">
      <Filter>Utils</Filter>
    </ClInclude>
    <ClInclude Include="imgui.h">
      <Filter>Utils</Filter>
    </ClInclude>
    <ClInclude Include="imgui_internal.h">
      <Filter>Utils</Filter>
    </ClInclude>
    <ClInclude Include="imstb_rectpack.h">
      <Filter>Utils</Filter>
    </ClInclude>
    <ClInclude Include="imstb_textedit.h">
      <Filter>Utils</Filter>
    </ClInclude>
    <ClInclude Include="imstb_truetype.h">
      <Filter>Utils</Filter>
    </ClInclude>
    <ClInclude Include="imgui_impl_dx11.h">
      <Filter>Utils</Filter>
    </ClInclude>
    <ClInclude Include="imgui_impl_win32.h">
      <Filter>Utils</Filter>
    </ClInclude>
  </ItemGroup>
  <ItemGroup>
    <ResourceCompile Include="DX11.rc">
      <Filter>리소스 파일</Filter>
    </ResourceCompile>
  </ItemGroup>
  <ItemGroup>
    <Image Include="small.ico">
      <Filter>리소스 파일</Filter>
    </Image>
    <Image Include="DX11.ico">
      <Filter>리소스 파일</Filter>
    </Image>
  </ItemGroup>
  <ItemGroup>
    <ClCompile Include="DX11.cpp">
      <Filter>Client</Filter>
    </ClCompile>
    <ClCompile Include="pch.cpp">
      <Filter>Utils</Filter>
    </ClCompile>
    <ClCompile Include="GameEngine.cpp">
      <Filter>GameEngine</Filter>
    </ClCompile>
    <ClCompile Include="Device.cpp">
      <Filter>Devices</Filter>
    </ClCompile>
    <ClCompile Include="Buffers.cpp">
      <Filter>Devices</Filter>
    </ClCompile>
    <ClCompile Include="Camera.cpp">
      <Filter>GameObject\Component</Filter>
    </ClCompile>
    <ClCompile Include="Transform.cpp">
      <Filter>GameObject\Component</Filter>
    </ClCompile>
    <ClCompile Include="Component.cpp">
      <Filter>GameObject\Component</Filter>
    </ClCompile>
    <ClCompile Include="GameObject.cpp">
      <Filter>GameObject</Filter>
    </ClCompile>
    <ClCompile Include="Material.cpp">
      <Filter>Resources</Filter>
    </ClCompile>
    <ClCompile Include="Mesh.cpp">
      <Filter>Resources</Filter>
    </ClCompile>
    <ClCompile Include="Renderer.cpp">
      <Filter>GameObject\Component</Filter>
    </ClCompile>
    <ClCompile Include="ResourceManager.cpp">
      <Filter>Manager</Filter>
    </ClCompile>
    <ClCompile Include="GameScene.cpp">
      <Filter>GameScene</Filter>
    </ClCompile>
    <ClCompile Include="Input.cpp">
      <Filter>Manager</Filter>
    </ClCompile>
    <ClCompile Include="Timer.cpp">
      <Filter>Manager</Filter>
    </ClCompile>
    <ClCompile Include="Script.cpp">
      <Filter>GameObject\Component</Filter>
    </ClCompile>
    <ClCompile Include="TestScript.cpp">
      <Filter>TestScript</Filter>
    </ClCompile>
    <ClCompile Include="Physics.cpp">
      <Filter>GameObject\Component</Filter>
    </ClCompile>
    <ClCompile Include="Light.cpp">
      <Filter>GameObject\Component</Filter>
    </ClCompile>
    <ClCompile Include="Shader.cpp">
      <Filter>Resources</Filter>
    </ClCompile>
    <ClCompile Include="Object.cpp">
      <Filter>Resources</Filter>
    </ClCompile>
    <ClCompile Include="FBXLoader.cpp">
      <Filter>Manager</Filter>
    </ClCompile>
    <ClCompile Include="imgui.cpp">
      <Filter>Utils</Filter>
    </ClCompile>
    <ClCompile Include="imgui_demo.cpp">
      <Filter>Utils</Filter>
    </ClCompile>
    <ClCompile Include="imgui_draw.cpp">
      <Filter>Utils</Filter>
    </ClCompile>
    <ClCompile Include="imgui_tables.cpp">
      <Filter>Utils</Filter>
    </ClCompile>
    <ClCompile Include="imgui_widgets.cpp">
      <Filter>Utils</Filter>
    </ClCompile>
    <ClCompile Include="imgui_impl_dx11.cpp">
      <Filter>Utils</Filter>
    </ClCompile>
    <ClCompile Include="imgui_impl_win32.cpp">
      <Filter>Utils</Filter>
    </ClCompile>
  </ItemGroup>
  <ItemGroup>
    <FxCompile Include="..\HLSL\DefaultShader.fx">
      <Filter>HLSL</Filter>
    </FxCompile>
    <FxCompile Include="..\HLSL\SkyMap.fx">
      <Filter>HLSL</Filter>
    </FxCompile>
    <FxCompile Include="..\HLSL\UIShader.fx">
      <Filter>HLSL</Filter>
    </FxCompile>
    <FxCompile Include="..\HLSL\ShadowMapShader.fx">
      <Filter>HLSL</Filter>
    </FxCompile>
  </ItemGroup>
</Project>